github.com/leraniode/wondertone v0.3.1 h1:CVBjy8XA1bQ+8R/Xome93MmS1fvyrAEAyU1biRIP/JM=
github.com/leraniode/wondertone v0.3.1/go.mod h1:GGVLgDwRHuBm3v5quCAGEVXceIaRezF8onbTcbRqv98=
github.com/leraniode/x/testutil v0.1.0 h1:S8/mDfUMOTuGLcYlxvmy9tSACYoyeQNDjeh/7oUVz04=
github.com/leraniode/x/testutil v0.1.0/go.mod h1:4S9t0qH3S3weAMVnMMf7fO3Lid5lyMXclR9Ev/D1c3Y=
